{
  "requires": true,
  "lockfileVersion": 1,
  "dependencies": {
    "react-icons": {
      "version": "3.2.1",
      "resolved": "https://registry.npmjs.org/react-icons/-/react-icons-3.2.1.tgz",
      "integrity": "sha512-NQhnh7G5hWCAK7pXPeeI944RkeZ85mtvFATx3wfcVQRTW4ejaQgriemYF72gQIFIyoApMXLTdb01BKp8PaXlrg=="
    }
  }
}
